
Microsoft Visual Studio Solution File, Format Version 12.00
# Visual Studio Version 18
VisualStudioVersion = 18.4.11605.240 stable
MinimumVisualStudioVersion = 10.0.40219.1
Project("{9A19103F-16F7-4668-BE54-9A1E7A4F7556}") = "NeverendingShift.Hangfire", "NeverendingShift.Hangfire\NeverendingShift.Hangfire.csproj", "{7B7B4E23-7B14-412D-9188-B7095BFC195F}"
EndProject
Project("{FAE04EC0-301F-11D3-BF4B-00C04F79EFBC}") = "NeverendingShift.Hangfire.Tests", "NeverendingShift.Hangfire.Tests\NeverendingShift.Hangfire.Tests.csproj", "{7AAB40AF-9A23-4F8B-A60B-2766ACFB1A2E}"
EndProject
Global
	GlobalSection(SolutionConfigurationPlatforms) = preSolution
		Debug|Any CPU = Debug|Any CPU
		Release|Any CPU = Release|Any CPU
	EndGlobalSection
	GlobalSection(ProjectConfigurationPlatforms) = postSolution
		{7B7B4E23-7B14-412D-9188-B7095BFC195F}.Debug|Any CPU.ActiveCfg = Debug|Any CPU
		{7B7B4E23-7B14-412D-9188-B7095BFC195F}.Debug|Any CPU.Build.0 = Debug|Any CPU
		{7B7B4E23-7B14-412D-9188-B7095BFC195F}.Release|Any CPU.ActiveCfg = Release|Any CPU
		{7B7B4E23-7B14-412D-9188-B7095BFC195F}.Release|Any CPU.Build.0 = Release|Any CPU
		{7AAB40AF-9A23-4F8B-A60B-2766ACFB1A2E}.Debug|Any CPU.ActiveCfg = Debug|Any CPU
		{7AAB40AF-9A23-4F8B-A60B-2766ACFB1A2E}.Debug|Any CPU.Build.0 = Debug|Any CPU
		{7AAB40AF-9A23-4F8B-A60B-2766ACFB1A2E}.Release|Any CPU.ActiveCfg = Release|Any CPU
		{7AAB40AF-9A23-4F8B-A60B-2766ACFB1A2E}.Release|Any CPU.Build.0 = Release|Any CPU
	EndGlobalSection
	GlobalSection(SolutionProperties) = preSolution
		HideSolutionNode = FALSE
	EndGlobalSection
	GlobalSection(ExtensibilityGlobals) = postSolution
		SolutionGuid = {C1423BFD-A9D4-4AEE-A70E-61E02B294FD6}
	EndGlobalSection
EndGlobal
